[0m[1mmodule.key_pair.aws_key_pair.this: Refreshing state... [id=spms-dev][0m
[0m[1mmodule.vpc.aws_eip.nat[0]: Refreshing state... [id=eipalloc-007e5bc77d328987a][0m
[0m[1mmodule.vpc.aws_vpc.this: Refreshing state... [id=vpc-010ac8d391ecc64ac][0m
[0m[1mmodule.vpc.aws_internet_gateway.this: Refreshing state... [id=igw-0e733b17d37b61b87][0m
[0m[1mmodule.vpc.aws_subnet.private[1]: Refreshing state... [id=subnet-05eab410df7316096][0m
[0m[1mmodule.vpc.aws_subnet.public[0]: Refreshing state... [id=subnet-09d33513856470694][0m
[0m[1mmodule.vpc.aws_subnet.private[0]: Refreshing state... [id=subnet-0231fa8e5b36ac6da][0m
[0m[1mmodule.vpc.aws_subnet.public[1]: Refreshing state... [id=subnet-0d31acb1505a57753][0m
[0m[1mmodule.sg.aws_security_group.ec2: Refreshing state... [id=sg-076c4a581b11a4824][0m
[0m[1mmodule.vpc.aws_route_table.public: Refreshing state... [id=rtb-084a45f82e03289d5][0m
[0m[1mmodule.vpc.aws_nat_gateway.this[0]: Refreshing state... [id=nat-075f48f3240ba361d][0m
[0m[1mmodule.worker_node.aws_instance.this[0]: Refreshing state... [id=i-01efb33ba5c740770][0m
[0m[1mmodule.jenkins_master.aws_instance.this[0]: Refreshing state... [id=i-09bad6777fde53490][0m
[0m[1mmodule.sonarqube_server.aws_instance.this[0]: Refreshing state... [id=i-02750e7ed9061a2ff][0m
[0m[1mmodule.vpc.aws_route_table_association.public[0]: Refreshing state... [id=rtbassoc-0d3e9d006b7a489c3][0m
[0m[1mmodule.vpc.aws_route_table_association.public[1]: Refreshing state... [id=rtbassoc-0e7edce9bb2d76bda][0m
[0m[1mmodule.vpc.aws_route_table.private[0]: Refreshing state... [id=rtb-01af96904b1242b98][0m
[0m[1mmodule.vpc.aws_route_table_association.private[0]: Refreshing state... [id=rtbassoc-058c047e04782e8d9][0m
[0m[1mmodule.vpc.aws_route_table_association.private[1]: Refreshing state... [id=rtbassoc-08c1653200bf24c4e][0m
[0m[1mmodule.jenkins_master.aws_ebs_volume.extra[0]: Refreshing state... [id=vol-0115cf239acf1a41a][0m
[0m[1mmodule.jenkins_master.aws_volume_attachment.this[0]: Refreshing state... [id=vai-1960532376][0m

Terraform used the selected providers to generate the following execution
plan. Resource actions are indicated with the following symbols:
  [32m+[0m create[0m
[31m-[0m/[32m+[0m destroy and then create replacement[0m

Terraform will perform the following actions:

[1m  # module.key_pair.aws_key_pair.this[0m must be [1m[31mreplaced[0m
[0m[31m-[0m/[32m+[0m[0m resource "aws_key_pair" "this" {
      [33m~[0m[0m arn             = "arn:aws:ec2:us-east-1:365269738775:key-pair/spms-dev" -> (known after apply)
      [33m~[0m[0m fingerprint     = "56:36:99:fa:a0:79:0a:3c:f8:e4:e5:8b:03:7a:62:cd" -> (known after apply)
      [33m~[0m[0m id              = "spms-dev" -> (known after apply)
      [32m+[0m[0m key_name_prefix = (known after apply)
      [33m~[0m[0m key_pair_id     = "key-006324b2f5f2d3eb1" -> (known after apply)
      [33m~[0m[0m key_type        = "rsa" -> (known after apply)
      [32m+[0m[0m public_key      = (known after apply) [31m# forces replacement[0m[0m
      [33m~[0m[0m tags            = {
          [32m+[0m[0m "Environment" = "dev"
            "Name"        = "spms-dev"
            "Project"     = "Petclinic"
        }
        [90m# (3 unchanged attributes hidden)[0m[0m
    }

[1m  # module.key_pair.local_file.private_key[0m will be created
[0m  [32m+[0m[0m resource "local_file" "private_key" {
      [32m+[0m[0m content              = (sensitive value)
      [32m+[0m[0m content_base64sha256 = (known after apply)
      [32m+[0m[0m content_base64sha512 = (known after apply)
      [32m+[0m[0m content_md5          = (known after apply)
      [32m+[0m[0m content_sha1         = (known after apply)
      [32m+[0m[0m content_sha256       = (known after apply)
      [32m+[0m[0m content_sha512       = (known after apply)
      [32m+[0m[0m directory_permission = "0777"
      [32m+[0m[0m file_permission      = "0400"
      [32m+[0m[0m filename             = "../../modules/keys/spms-dev.pem"
      [32m+[0m[0m id                   = (known after apply)
    }

[1m  # module.key_pair.tls_private_key.this[0m will be created
[0m  [32m+[0m[0m resource "tls_private_key" "this" {
      [32m+[0m[0m algorithm                     = "RSA"
      [32m+[0m[0m ecdsa_curve                   = "P224"
      [32m+[0m[0m id                            = (known after apply)
      [32m+[0m[0m private_key_openssh           = (sensitive value)
      [32m+[0m[0m private_key_pem               = (sensitive value)
      [32m+[0m[0m private_key_pem_pkcs8         = (sensitive value)
      [32m+[0m[0m public_key_fingerprint_md5    = (known after apply)
      [32m+[0m[0m public_key_fingerprint_sha256 = (known after apply)
      [32m+[0m[0m public_key_openssh            = (known after apply)
      [32m+[0m[0m public_key_pem                = (known after apply)
      [32m+[0m[0m rsa_bits                      = 4096
    }

[1mPlan:[0m [0m3 to add, 0 to change, 1 to destroy.
[90m
─────────────────────────────────────────────────────────────────────────────[0m

Note: You didn't use the -out option to save this plan, so Terraform can't
guarantee to take exactly these actions if you run "terraform apply" now.
Releasing state lock. This may take a few moments...
